// !$*UTF8*$!
{
	archiveVersion = 1;
	classes = {
	};
	objectVersion = 50;
	objects = {

/* Begin PBXBuildFile section */
		85C15B7125223EDB00B1401E /* AppDelegate.swift in Sources */ = {isa = PBXBuildFile; fileRef = 85C15B7025223EDB00B1401E /* AppDelegate.swift */; };
		85C15B7325223EDB00B1401E /* SceneDelegate.swift in Sources */ = {isa = PBXBuildFile; fileRef = 85C15B7225223EDB00B1401E /* SceneDelegate.swift */; };
		85C15B7525223EDB00B1401E /* MainViewController.swift in Sources */ = {isa = PBXBuildFile; fileRef = 85C15B7425223EDB00B1401E /* MainViewController.swift */; };
		85C15B7A25223EDD00B1401E /* Assets.xcassets in Resources */ = {isa = PBXBuildFile; fileRef = 85C15B7925223EDD00B1401E /* Assets.xcassets */; };
		85C15B7D25223EDD00B1401E /* LaunchScreen.storyboard in Resources */ = {isa = PBXBuildFile; fileRef = 85C15B7B25223EDD00B1401E /* LaunchScreen.storyboard */; };
		85C15B8C2522400500B1401E /* ICoordinator.swift in Sources */ = {isa = PBXBuildFile; fileRef = 85C15B8A2522400500B1401E /* ICoordinator.swift */; };
		85C15B8D2522400500B1401E /* Coordinator.swift in Sources */ = {isa = PBXBuildFile; fileRef = 85C15B8B2522400500B1401E /* Coordinator.swift */; };
		85C15B90252240C400B1401E /* Builder.swift in Sources */ = {isa = PBXBuildFile; fileRef = 85C15B8F252240C400B1401E /* Builder.swift */; };
		85C15B92252240D100B1401E /* IBuilder.swift in Sources */ = {isa = PBXBuildFile; fileRef = 85C15B91252240D100B1401E /* IBuilder.swift */; };
		85C15B942522422300B1401E /* IMainViewController.swift in Sources */ = {isa = PBXBuildFile; fileRef = 85C15B932522422300B1401E /* IMainViewController.swift */; };
		85C15B962522430700B1401E /* IMainPresenter.swift in Sources */ = {isa = PBXBuildFile; fileRef = 85C15B952522430700B1401E /* IMainPresenter.swift */; };
		85C15B982522431E00B1401E /* MainPresenter.swift in Sources */ = {isa = PBXBuildFile; fileRef = 85C15B972522431E00B1401E /* MainPresenter.swift */; };
		85C15B9A2522446300B1401E /* IMainCoordinator.swift in Sources */ = {isa = PBXBuildFile; fileRef = 85C15B992522446300B1401E /* IMainCoordinator.swift */; };
		85C15B9C2522456900B1401E /* MainModel.swift in Sources */ = {isa = PBXBuildFile; fileRef = 85C15B9B2522456900B1401E /* MainModel.swift */; };
		85C15B9F2522469F00B1401E /* NetworkService.swift in Sources */ = {isa = PBXBuildFile; fileRef = 85C15B9E2522469F00B1401E /* NetworkService.swift */; };
		85C15BA1252246A700B1401E /* INetworkService.swift in Sources */ = {isa = PBXBuildFile; fileRef = 85C15BA0252246A700B1401E /* INetworkService.swift */; };
		85C15BA425224B8E00B1401E /* ApiURL.swift in Sources */ = {isa = PBXBuildFile; fileRef = 85C15BA325224B8E00B1401E /* ApiURL.swift */; };
		85C15BA72522624B00B1401E /* MainCollectionViewCell.swift in Sources */ = {isa = PBXBuildFile; fileRef = 85C15BA62522624B00B1401E /* MainCollectionViewCell.swift */; };
		85C15BB22523267E00B1401E /* UIViewController+UIAlertController.swift in Sources */ = {isa = PBXBuildFile; fileRef = 85C15BB12523267E00B1401E /* UIViewController+UIAlertController.swift */; };
		85C15BB525232D6000B1401E /* UIImageView.swift in Sources */ = {isa = PBXBuildFile; fileRef = 85C15BB425232D5F00B1401E /* UIImageView.swift */; };
		85C15BB725233B6A00B1401E /* MainTableViewCell.swift in Sources */ = {isa = PBXBuildFile; fileRef = 85C15BB625233B6A00B1401E /* MainTableViewCell.swift */; };
/* End PBXBuildFile section */

/* Begin PBXFileReference section */
		85C15B6D25223EDB00B1401E /* Gingerbread.app */ = {isa = PBXFileReference; explicitFileType = wrapper.application; includeInIndex = 0; path = Gingerbread.app; sourceTree = BUILT_PRODUCTS_DIR; };
		85C15B7025223EDB00B1401E /* AppDelegate.swift */ = {isa = PBXFileReference; lastKnownFileType = sourcecode.swift; path = AppDelegate.swift; sourceTree = "<group>"; };
		85C15B7225223EDB00B1401E /* SceneDelegate.swift */ = {isa = PBXFileReference; lastKnownFileType = sourcecode.swift; path = SceneDelegate.swift; sourceTree = "<group>"; };
		85C15B7425223EDB00B1401E /* MainViewController.swift */ = {isa = PBXFileReference; lastKnownFileType = sourcecode.swift; path = MainViewController.swift; sourceTree = "<group>"; };
		85C15B7925223EDD00B1401E /* Assets.xcassets */ = {isa = PBXFileReference; lastKnownFileType = folder.assetcatalog; path = Assets.xcassets; sourceTree = "<group>"; };
		85C15B7C25223EDD00B1401E /* Base */ = {isa = PBXFileReference; lastKnownFileType = file.storyboard; name = Base; path = Base.lproj/LaunchScreen.storyboard; sourceTree = "<group>"; };
		85C15B7E25223EDD00B1401E /* Info.plist */ = {isa = PBXFileReference; lastKnownFileType = text.plist.xml; path = Info.plist; sourceTree = "<group>"; };
		85C15B8A2522400500B1401E /* ICoordinator.swift */ = {isa = PBXFileReference; fileEncoding = 4; lastKnownFileType = sourcecode.swift; path = ICoordinator.swift; sourceTree = "<group>"; };
		85C15B8B2522400500B1401E /* Coordinator.swift */ = {isa = PBXFileReference; fileEncoding = 4; lastKnownFileType = sourcecode.swift; path = Coordinator.swift; sourceTree = "<group>"; };
		85C15B8F252240C400B1401E /* Builder.swift */ = {isa = PBXFileReference; lastKnownFileType = sourcecode.swift; path = Builder.swift; sourceTree = "<group>"; };
		85C15B91252240D100B1401E /* IBuilder.swift */ = {isa = PBXFileReference; lastKnownFileType = sourcecode.swift; path = IBuilder.swift; sourceTree = "<group>"; };
		85C15B932522422300B1401E /* IMainViewController.swift */ = {isa = PBXFileReference; lastKnownFileType = sourcecode.swift; path = IMainViewController.swift; sourceTree = "<group>"; };
		85C15B952522430700B1401E /* IMainPresenter.swift */ = {isa = PBXFileReference; lastKnownFileType = sourcecode.swift; path = IMainPresenter.swift; sourceTree = "<group>"; };
		85C15B972522431E00B1401E /* MainPresenter.swift */ = {isa = PBXFileReference; lastKnownFileType = sourcecode.swift; path = MainPresenter.swift; sourceTree = "<group>"; };
		85C15B992522446300B1401E /* IMainCoordinator.swift */ = {isa = PBXFileReference; lastKnownFileType = sourcecode.swift; path = IMainCoordinator.swift; sourceTree = "<group>"; };
		85C15B9B2522456900B1401E /* MainModel.swift */ = {isa = PBXFileReference; lastKnownFileType = sourcecode.swift; path = MainModel.swift; sourceTree = "<group>"; };
		85C15B9E2522469F00B1401E /* NetworkService.swift */ = {isa = PBXFileReference; lastKnownFileType = sourcecode.swift; path = NetworkService.swift; sourceTree = "<group>"; };
		85C15BA0252246A700B1401E /* INetworkService.swift */ = {isa = PBXFileReference; lastKnownFileType = sourcecode.swift; path = INetworkService.swift; sourceTree = "<group>"; };
		85C15BA325224B8E00B1401E /* ApiURL.swift */ = {isa = PBXFileReference; lastKnownFileType = sourcecode.swift; path = ApiURL.swift; sourceTree = "<group>"; };
		85C15BA62522624B00B1401E /* MainCollectionViewCell.swift */ = {isa = PBXFileReference; lastKnownFileType = sourcecode.swift; path = MainCollectionViewCell.swift; sourceTree = "<group>"; };
		85C15BB12523267E00B1401E /* UIViewController+UIAlertController.swift */ = {isa = PBXFileReference; lastKnownFileType = sourcecode.swift; path = "UIViewController+UIAlertController.swift"; sourceTree = "<group>"; };
		85C15BB425232D5F00B1401E /* UIImageView.swift */ = {isa = PBXFileReference; lastKnownFileType = sourcecode.swift; path = UIImageView.swift; sourceTree = "<group>"; };
		85C15BB625233B6A00B1401E /* MainTableViewCell.swift */ = {isa = PBXFileReference; lastKnownFileType = sourcecode.swift; path = MainTableViewCell.swift; sourceTree = "<group>"; };
/* End PBXFileReference section */

/* Begin PBXFrameworksBuildPhase section */
		85C15B6A25223EDB00B1401E /* Frameworks */ = {
			isa = PBXFrameworksBuildPhase;
			buildActionMask = 2147483647;
			files = (
			);
			runOnlyForDeploymentPostprocessing = 0;
		};
/* End PBXFrameworksBuildPhase section */

/* Begin PBXGroup section */
		85C15B6425223EDB00B1401E = {
			isa = PBXGroup;
			children = (
				85C15B6F25223EDB00B1401E /* Gingerbread */,
				85C15B6E25223EDB00B1401E /* Products */,
			);
			sourceTree = "<group>";
		};
		85C15B6E25223EDB00B1401E /* Products */ = {
			isa = PBXGroup;
			children = (
				85C15B6D25223EDB00B1401E /* Gingerbread.app */,
			);
			name = Products;
			sourceTree = "<group>";
		};
		85C15B6F25223EDB00B1401E /* Gingerbread */ = {
			isa = PBXGroup;
			children = (
				85C15B7025223EDB00B1401E /* AppDelegate.swift */,
				85C15B7225223EDB00B1401E /* SceneDelegate.swift */,
				85C15B8425223EED00B1401E /* Main */,
				85C15B8825223FF500B1401E /* Core */,
				85C15BAF2523264000B1401E /* Helpers */,
				85C15BAB25231E0A00B1401E /* Support */,
			);
			path = Gingerbread;
			sourceTree = "<group>";
		};
		85C15B8425223EED00B1401E /* Main */ = {
			isa = PBXGroup;
			children = (
				85C15B8725223F4D00B1401E /* Presenter */,
				85C15B8625223F4B00B1401E /* Model */,
				85C15B8525223F4800B1401E /* View */,
			);
			path = Main;
			sourceTree = "<group>";
		};
		85C15B8525223F4800B1401E /* View */ = {
			isa = PBXGroup;
			children = (
				85C15BA52522614800B1401E /* Cell */,
				85C15B932522422300B1401E /* IMainViewController.swift */,
				85C15B7425223EDB00B1401E /* MainViewController.swift */,
			);
			path = View;
			sourceTree = "<group>";
		};
		85C15B8625223F4B00B1401E /* Model */ = {
			isa = PBXGroup;
			children = (
				85C15B9B2522456900B1401E /* MainModel.swift */,
			);
			path = Model;
			sourceTree = "<group>";
		};
		85C15B8725223F4D00B1401E /* Presenter */ = {
			isa = PBXGroup;
			children = (
				85C15B952522430700B1401E /* IMainPresenter.swift */,
				85C15B972522431E00B1401E /* MainPresenter.swift */,
			);
			path = Presenter;
			sourceTree = "<group>";
		};
		85C15B8825223FF500B1401E /* Core */ = {
			isa = PBXGroup;
			children = (
				85C15B9D2522468A00B1401E /* NetworkService */,
				85C15B8E252240B600B1401E /* Builder */,
				85C15B892522400500B1401E /* Coordinator */,
			);
			path = Core;
			sourceTree = "<group>";
		};
		85C15B892522400500B1401E /* Coordinator */ = {
			isa = PBXGroup;
			children = (
				85C15B8A2522400500B1401E /* ICoordinator.swift */,
				85C15B992522446300B1401E /* IMainCoordinator.swift */,
				85C15B8B2522400500B1401E /* Coordinator.swift */,
			);
			path = Coordinator;
			sourceTree = "<group>";
		};
		85C15B8E252240B600B1401E /* Builder */ = {
			isa = PBXGroup;
			children = (
				85C15B91252240D100B1401E /* IBuilder.swift */,
				85C15B8F252240C400B1401E /* Builder.swift */,
			);
			path = Builder;
			sourceTree = "<group>";
		};
		85C15B9D2522468A00B1401E /* NetworkService */ = {
			isa = PBXGroup;
			children = (
				85C15BA225224B7B00B1401E /* ApiURL */,
				85C15BA0252246A700B1401E /* INetworkService.swift */,
				85C15B9E2522469F00B1401E /* NetworkService.swift */,
			);
			path = NetworkService;
			sourceTree = "<group>";
		};
		85C15BA225224B7B00B1401E /* ApiURL */ = {
			isa = PBXGroup;
			children = (
				85C15BA325224B8E00B1401E /* ApiURL.swift */,
			);
			path = ApiURL;
			sourceTree = "<group>";
		};
		85C15BA52522614800B1401E /* Cell */ = {
			isa = PBXGroup;
			children = (
				85C15BA62522624B00B1401E /* MainCollectionViewCell.swift */,
				85C15BB625233B6A00B1401E /* MainTableViewCell.swift */,
			);
			path = Cell;
			sourceTree = "<group>";
		};
		85C15BAB25231E0A00B1401E /* Support */ = {
			isa = PBXGroup;
			children = (
				85C15B7E25223EDD00B1401E /* Info.plist */,
				85C15B7B25223EDD00B1401E /* LaunchScreen.storyboard */,
				85C15B7925223EDD00B1401E /* Assets.xcassets */,
			);
			path = Support;
			sourceTree = "<group>";
		};
		85C15BAF2523264000B1401E /* Helpers */ = {
			isa = PBXGroup;
			children = (
				85C15BB02523265200B1401E /* Extensions */,
			);
			path = Helpers;
			sourceTree = "<group>";
		};
		85C15BB02523265200B1401E /* Extensions */ = {
			isa = PBXGroup;
			children = (
				85C15BB12523267E00B1401E /* UIViewController+UIAlertController.swift */,
				85C15BB425232D5F00B1401E /* UIImageView.swift */,
			);
			path = Extensions;
			sourceTree = "<group>";
		};
/* End PBXGroup section */

/* Begin PBXNativeTarget section */
		85C15B6C25223EDB00B1401E /* Gingerbread */ = {
			isa = PBXNativeTarget;
			buildConfigurationList = 85C15B8125223EDD00B1401E /* Build configuration list for PBXNativeTarget "Gingerbread" */;
			buildPhases = (
				85C15B6925223EDB00B1401E /* Sources */,
				85C15B6A25223EDB00B1401E /* Frameworks */,
				85C15B6B25223EDB00B1401E /* Resources */,
			);
			buildRules = (
			);
			dependencies = (
			);
			name = Gingerbread;
			productName = Gingerbread;
			productReference = 85C15B6D25223EDB00B1401E /* Gingerbread.app */;
			productType = "com.apple.product-type.application";
		};
/* End PBXNativeTarget section */

/* Begin PBXProject section */
		85C15B6525223EDB00B1401E /* Project object */ = {
			isa = PBXProject;
			attributes = {
				LastSwiftUpdateCheck = 1170;
				LastUpgradeCheck = 1210;
				ORGANIZATIONNAME = "Анна Сычева";
				TargetAttributes = {
					85C15B6C25223EDB00B1401E = {
						CreatedOnToolsVersion = 11.7;
					};
				};
			};
			buildConfigurationList = 85C15B6825223EDB00B1401E /* Build configuration list for PBXProject "Gingerbread" */;
			compatibilityVersion = "Xcode 9.3";
			developmentRegion = en;
			hasScannedForEncodings = 0;
			knownRegions = (
				en,
				Base,
			);
			mainGroup = 85C15B6425223EDB00B1401E;
			productRefGroup = 85C15B6E25223EDB00B1401E /* Products */;
			projectDirPath = "";
			projectRoot = "";
			targets = (
				85C15B6C25223EDB00B1401E /* Gingerbread */,
			);
		};
/* End PBXProject section */

/* Begin PBXResourcesBuildPhase section */
		85C15B6B25223EDB00B1401E /* Resources */ = {
			isa = PBXResourcesBuildPhase;
			buildActionMask = 2147483647;
			files = (
				85C15B7D25223EDD00B1401E /* LaunchScreen.storyboard in Resources */,
				85C15B7A25223EDD00B1401E /* Assets.xcassets in Resources */,
			);
			runOnlyForDeploymentPostprocessing = 0;
		};
/* End PBXResourcesBuildPhase section */

/* Begin PBXSourcesBuildPhase section */
		85C15B6925223EDB00B1401E /* Sources */ = {
			isa = PBXSourcesBuildPhase;
			buildActionMask = 2147483647;
			files = (
				85C15B7525223EDB00B1401E /* MainViewController.swift in Sources */,
				85C15B942522422300B1401E /* IMainViewController.swift in Sources */,
				85C15B7125223EDB00B1401E /* AppDelegate.swift in Sources */,
				85C15BB725233B6A00B1401E /* MainTableViewCell.swift in Sources */,
				85C15BB22523267E00B1401E /* UIViewController+UIAlertController.swift in Sources */,
				85C15BA72522624B00B1401E /* MainCollectionViewCell.swift in Sources */,
				85C15B8D2522400500B1401E /* Coordinator.swift in Sources */,
				85C15B8C2522400500B1401E /* ICoordinator.swift in Sources */,
				85C15BA425224B8E00B1401E /* ApiURL.swift in Sources */,
				85C15B982522431E00B1401E /* MainPresenter.swift in Sources */,
				85C15BA1252246A700B1401E /* INetworkService.swift in Sources */,
				85C15BB525232D6000B1401E /* UIImageView.swift in Sources */,
				85C15B9A2522446300B1401E /* IMainCoordinator.swift in Sources */,
				85C15B7325223EDB00B1401E /* SceneDelegate.swift in Sources */,
				85C15B9C2522456900B1401E /* MainModel.swift in Sources */,
				85C15B962522430700B1401E /* IMainPresenter.swift in Sources */,
				85C15B90252240C400B1401E /* Builder.swift in Sources */,
				85C15B9F2522469F00B1401E /* NetworkService.swift in Sources */,
				85C15B92252240D100B1401E /* IBuilder.swift in Sources */,
			);
			runOnlyForDeploymentPostprocessing = 0;
		};
/* End PBXSourcesBuildPhase section */

/* Begin PBXVariantGroup section */
		85C15B7B25223EDD00B1401E /* LaunchScreen.storyboard */ = {
			isa = PBXVariantGroup;
			children = (
				85C15B7C25223EDD00B1401E /* Base */,
			);
			name = LaunchScreen.storyboard;
			sourceTree = "<group>";
		};
/* End PBXVariantGroup section */

/* Begin XCBuildConfiguration section */
		85C15B7F25223EDD00B1401E /* Debug */ = {
			isa = XCBuildConfiguration;
			buildSettings = {
				ALWAYS_SEARCH_USER_PATHS = NO;
				CLANG_ANALYZER_NONNULL = YES;
				CLANG_ANALYZER_NUMBER_OBJECT_CONVERSION = YES_AGGRESSIVE;
				CLANG_CXX_LANGUAGE_STANDARD = "gnu++14";
				CLANG_CXX_LIBRARY = "libc++";
				CLANG_ENABLE_MODULES = YES;
				CLANG_ENABLE_OBJC_ARC = YES;
				CLANG_ENABLE_OBJC_WEAK = YES;
				CLANG_WARN_BLOCK_CAPTURE_AUTORELEASING = YES;
				CLANG_WARN_BOOL_CONVERSION = YES;
				CLANG_WARN_COMMA = YES;
				CLANG_WARN_CONSTANT_CONVERSION = YES;
				CLANG_WARN_DEPRECATED_OBJC_IMPLEMENTATIONS = YES;
				CLANG_WARN_DIRECT_OBJC_ISA_USAGE = YES_ERROR;
				CLANG_WARN_DOCUMENTATION_COMMENTS = YES;
				CLANG_WARN_EMPTY_BODY = YES;
				CLANG_WARN_ENUM_CONVERSION = YES;
				CLANG_WARN_INFINITE_RECURSION = YES;
				CLANG_WARN_INT_CONVERSION = YES;
				CLANG_WARN_NON_LITERAL_NULL_CONVERSION = YES;
				CLANG_WARN_OBJC_IMPLICIT_RETAIN_SELF = YES;
				CLANG_WARN_OBJC_LITERAL_CONVERSION = YES;
				CLANG_WARN_OBJC_ROOT_CLASS = YES_ERROR;
				CLANG_WARN_QUOTED_INCLUDE_IN_FRAMEWORK_HEADER = YES;
				CLANG_WARN_RANGE_LOOP_ANALYSIS = YES;
				CLANG_WARN_STRICT_PROTOTYPES = YES;
				CLANG_WARN_SUSPICIOUS_MOVE = YES;
				CLANG_WARN_UNGUARDED_AVAILABILITY = YES_AGGRESSIVE;
				CLANG_WARN_UNREACHABLE_CODE = YES;
				CLANG_WARN__DUPLICATE_METHOD_MATCH = YES;
				COPY_PHASE_STRIP = NO;
				DEBUG_INFORMATION_FORMAT = dwarf;
				ENABLE_STRICT_OBJC_MSGSEND = YES;
				ENABLE_TESTABILITY = YES;
				GCC_C_LANGUAGE_STANDARD = gnu11;
				GCC_DYNAMIC_NO_PIC = NO;
				GCC_NO_COMMON_BLOCKS = YES;
				GCC_OPTIMIZATION_LEVEL = 0;
				GCC_PREPROCESSOR_DEFINITIONS = (
					"DEBUG=1",
					"$(inherited)",
				);
				GCC_WARN_64_TO_32_BIT_CONVERSION = YES;
				GCC_WARN_ABOUT_RETURN_TYPE = YES_ERROR;
				GCC_WARN_UNDECLARED_SELECTOR = YES;
				GCC_WARN_UNINITIALIZED_AUTOS = YES_AGGRESSIVE;
				GCC_WARN_UNUSED_FUNCTION = YES;
				GCC_WARN_UNUSED_VARIABLE = YES;
				IPHONEOS_DEPLOYMENT_TARGET = 13.7;
				MTL_ENABLE_DEBUG_INFO = INCLUDE_SOURCE;
				MTL_FAST_MATH = YES;
				ONLY_ACTIVE_ARCH = YES;
				SDKROOT = iphoneos;
				SWIFT_ACTIVE_COMPILATION_CONDITIONS = DEBUG;
				SWIFT_OPTIMIZATION_LEVEL = "-Onone";
			};
			name = Debug;
		};
		85C15B8025223EDD00B1401E /* Release */ = {
			isa = XCBuildConfiguration;
			buildSettings = {
				ALWAYS_SEARCH_USER_PATHS = NO;
				CLANG_ANALYZER_NONNULL = YES;
				CLANG_ANALYZER_NUMBER_OBJECT_CONVERSION = YES_AGGRESSIVE;
				CLANG_CXX_LANGUAGE_STANDARD = "gnu++14";
				CLANG_CXX_LIBRARY = "libc++";
				CLANG_ENABLE_MODULES = YES;
				CLANG_ENABLE_OBJC_ARC = YES;
				CLANG_ENABLE_OBJC_WEAK = YES;
				CLANG_WARN_BLOCK_CAPTURE_AUTORELEASING = YES;
				CLANG_WARN_BOOL_CONVERSION = YES;
				CLANG_WARN_COMMA = YES;
				CLANG_WARN_CONSTANT_CONVERSION = YES;
				CLANG_WARN_DEPRECATED_OBJC_IMPLEMENTATIONS = YES;
				CLANG_WARN_DIRECT_OBJC_ISA_USAGE = YES_ERROR;
				CLANG_WARN_DOCUMENTATION_COMMENTS = YES;
				CLANG_WARN_EMPTY_BODY = YES;
				CLANG_WARN_ENUM_CONVERSION = YES;
				CLANG_WARN_INFINITE_RECURSION = YES;
				CLANG_WARN_INT_CONVERSION = YES;
				CLANG_WARN_NON_LITERAL_NULL_CONVERSION = YES;
				CLANG_WARN_OBJC_IMPLICIT_RETAIN_SELF = YES;
				CLANG_WARN_OBJC_LITERAL_CONVERSION = YES;
				CLANG_WARN_OBJC_ROOT_CLASS = YES_ERROR;
				CLANG_WARN_QUOTED_INCLUDE_IN_FRAMEWORK_HEADER = YES;
				CLANG_WARN_RANGE_LOOP_ANALYSIS = YES;
				CLANG_WARN_STRICT_PROTOTYPES = YES;
				CLANG_WARN_SUSPICIOUS_MOVE = YES;
				CLANG_WARN_UNGUARDED_AVAILABILITY = YES_AGGRESSIVE;
				CLANG_WARN_UNREACHABLE_CODE = YES;
				CLANG_WARN__DUPLICATE_METHOD_MATCH = YES;
				COPY_PHASE_STRIP = NO;
				DEBUG_INFORMATION_FORMAT = "dwarf-with-dsym";
				ENABLE_NS_ASSERTIONS = NO;
				ENABLE_STRICT_OBJC_MSGSEND = YES;
				GCC_C_LANGUAGE_STANDARD = gnu11;
				GCC_NO_COMMON_BLOCKS = YES;
				GCC_WARN_64_TO_32_BIT_CONVERSION = YES;
				GCC_WARN_ABOUT_RETURN_TYPE = YES_ERROR;
				GCC_WARN_UNDECLARED_SELECTOR = YES;
				GCC_WARN_UNINITIALIZED_AUTOS = YES_AGGRESSIVE;
				GCC_WARN_UNUSED_FUNCTION = YES;
				GCC_WARN_UNUSED_VARIABLE = YES;
				IPHONEOS_DEPLOYMENT_TARGET = 13.7;
				MTL_ENABLE_DEBUG_INFO = NO;
				MTL_FAST_MATH = YES;
				SDKROOT = iphoneos;
				SWIFT_COMPILATION_MODE = wholemodule;
				SWIFT_OPTIMIZATION_LEVEL = "-O";
				VALIDATE_PRODUCT = YES;
			};
			name = Release;
		};
		85C15B8225223EDD00B1401E /* Debug */ = {
			isa = XCBuildConfiguration;
			buildSettings = {
				ASSETCATALOG_COMPILER_APPICON_NAME = AppIcon;
				CODE_SIGN_STYLE = Automatic;
				DEVELOPMENT_TEAM = P29BZ53K6N;
				INFOPLIST_FILE = Gingerbread/Support/Info.plist;
				LD_RUNPATH_SEARCH_PATHS = (
					"$(inherited)",
					"@executable_path/Frameworks",
				);
				PRODUCT_BUNDLE_IDENTIFIER = sa.Gingerbread;
				PRODUCT_NAME = "$(TARGET_NAME)";
				SWIFT_VERSION = 5.0;
				TARGETED_DEVICE_FAMILY = 1;
			};
			name = Debug;
		};
		85C15B8325223EDD00B1401E /* Release */ = {
			isa = XCBuildConfiguration;
			buildSettings = {
				ASSETCATALOG_COMPILER_APPICON_NAME = AppIcon;
				CODE_SIGN_STYLE = Automatic;
				DEVELOPMENT_TEAM = P29BZ53K6N;
				INFOPLIST_FILE = Gingerbread/Support/Info.plist;
				LD_RUNPATH_SEARCH_PATHS = (
					"$(inherited)",
					"@executable_path/Frameworks",
				);
				PRODUCT_BUNDLE_IDENTIFIER = sa.Gingerbread;
				PRODUCT_NAME = "$(TARGET_NAME)";
				SWIFT_VERSION = 5.0;
				TARGETED_DEVICE_FAMILY = 1;
			};
			name = Release;
		};
/* End XCBuildConfiguration section */

/* Begin XCConfigurationList section */
		85C15B6825223EDB00B1401E /* Build configuration list for PBXProject "Gingerbread" */ = {
			isa = XCConfigurationList;
			buildConfigurations = (
				85C15B7F25223EDD00B1401E /* Debug */,
				85C15B8025223EDD00B1401E /* Release */,
			);
			defaultConfigurationIsVisible = 0;
			defaultConfigurationName = Release;
		};
		85C15B8125223EDD00B1401E /* Build configuration list for PBXNativeTarget "Gingerbread" */ = {
			isa = XCConfigurationList;
			buildConfigurations = (
				85C15B8225223EDD00B1401E /* Debug */,
				85C15B8325223EDD00B1401E /* Release */,
			);
			defaultConfigurationIsVisible = 0;
			defaultConfigurationName = Release;
		};
/* End XCConfigurationList section */
	};
	rootObject = 85C15B6525223EDB00B1401E /* Project object */;
}
